
Microsoft Visual Studio Solution File, Format Version 12.00
# Visual Studio 15
VisualStudioVersion = 15.0.26430.14
MinimumVisualStudioVersion = 10.0.40219.1
Project("{FAE04EC0-301F-11D3-BF4B-00C04F79EFBC}") = "Demo", "Demo\Demo.csproj", "{60D694E0-1CE4-4DF1-B2AF-0611700CC61D}"
EndProject
Global
	GlobalSection(SolutionConfigurationPlatforms) = preSolution
		Debug|Any CPU = Debug|Any CPU
		Release|Any CPU = Release|Any CPU
	EndGlobalSection
	GlobalSection(ProjectConfigurationPlatforms) = postSolution
		{60D694E0-1CE4-4DF1-B2AF-0611700CC61D}.Debug|Any CPU.ActiveCfg = Debug|Any CPU
		{60D694E0-1CE4-4DF1-B2AF-0611700CC61D}.Debug|Any CPU.Build.0 = Debug|Any CPU
		{60D694E0-1CE4-4DF1-B2AF-0611700CC61D}.Release|Any CPU.ActiveCfg = Release|Any CPU
		{60D694E0-1CE4-4DF1-B2AF-0611700CC61D}.Release|Any CPU.Build.0 = Release|Any CPU
	EndGlobalSection
	GlobalSection(SolutionProperties) = preSolution
		HideSolutionNode = FALSE
	EndGlobalSection
EndGlobal
