
Microsoft Visual Studio Solution File, Format Version 12.00
# Visual Studio Version 17
VisualStudioVersion = 17.2.32630.192
MinimumVisualStudioVersion = 10.0.40219.1
Project("{FAE04EC0-301F-11D3-BF4B-00C04F79EFBC}") = "双击播放音乐", "双击播放音乐.csproj", "{9355C625-E3B6-427E-B537-C13EE15FAD70}"
EndProject
Global
	GlobalSection(SolutionConfigurationPlatforms) = preSolution
		Debug|Any CPU = Debug|Any CPU
		Release|Any CPU = Release|Any CPU
	EndGlobalSection
	GlobalSection(ProjectConfigurationPlatforms) = postSolution
		{9355C625-E3B6-427E-B537-C13EE15FAD70}.Debug|Any CPU.ActiveCfg = Debug|Any CPU
		{9355C625-E3B6-427E-B537-C13EE15FAD70}.Debug|Any CPU.Build.0 = Debug|Any CPU
		{9355C625-E3B6-427E-B537-C13EE15FAD70}.Release|Any CPU.ActiveCfg = Release|Any CPU
		{9355C625-E3B6-427E-B537-C13EE15FAD70}.Release|Any CPU.Build.0 = Release|Any CPU
	EndGlobalSection
	GlobalSection(SolutionProperties) = preSolution
		HideSolutionNode = FALSE
	EndGlobalSection
	GlobalSection(ExtensibilityGlobals) = postSolution
		SolutionGuid = {5EB8434D-55BD-4874-8204-A8889E65512F}
	EndGlobalSection
EndGlobal
