
Microsoft Visual Studio Solution File, Format Version 12.00
# Visual Studio Version 17
VisualStudioVersion = 17.2.32630.192
MinimumVisualStudioVersion = 10.0.40219.1
Project("{FAE04EC0-301F-11D3-BF4B-00C04F79EFBC}") = "ListBox", "ListBox.csproj", "{E13C1AA6-0019-4255-A409-DC8427050D63}"
EndProject
Global
	GlobalSection(SolutionConfigurationPlatforms) = preSolution
		Debug|Any CPU = Debug|Any CPU
		Release|Any CPU = Release|Any CPU
	EndGlobalSection
	GlobalSection(ProjectConfigurationPlatforms) = postSolution
		{E13C1AA6-0019-4255-A409-DC8427050D63}.Debug|Any CPU.ActiveCfg = Debug|Any CPU
		{E13C1AA6-0019-4255-A409-DC8427050D63}.Debug|Any CPU.Build.0 = Debug|Any CPU
		{E13C1AA6-0019-4255-A409-DC8427050D63}.Release|Any CPU.ActiveCfg = Release|Any CPU
		{E13C1AA6-0019-4255-A409-DC8427050D63}.Release|Any CPU.Build.0 = Release|Any CPU
	EndGlobalSection
	GlobalSection(SolutionProperties) = preSolution
		HideSolutionNode = FALSE
	EndGlobalSection
	GlobalSection(ExtensibilityGlobals) = postSolution
		SolutionGuid = {30D96AC5-59CD-45B0-82C2-9B23412AD66D}
	EndGlobalSection
EndGlobal
