
Microsoft Visual Studio Solution File, Format Version 12.00
# Visual Studio Version 16
VisualStudioVersion = 16.0.29613.14
MinimumVisualStudioVersion = 10.0.40219.1
Project("{FAE04EC0-301F-11D3-BF4B-00C04F79EFBC}") = "Demo", "Demo.csproj", "{D392CCBC-3802-493E-9E08-57962981A354}"
EndProject
Global
	GlobalSection(SolutionConfigurationPlatforms) = preSolution
		Debug|Any CPU = Debug|Any CPU
		Release|Any CPU = Release|Any CPU
	EndGlobalSection
	GlobalSection(ProjectConfigurationPlatforms) = postSolution
		{D392CCBC-3802-493E-9E08-57962981A354}.Debug|Any CPU.ActiveCfg = Debug|Any CPU
		{D392CCBC-3802-493E-9E08-57962981A354}.Debug|Any CPU.Build.0 = Debug|Any CPU
		{D392CCBC-3802-493E-9E08-57962981A354}.Release|Any CPU.ActiveCfg = Release|Any CPU
		{D392CCBC-3802-493E-9E08-57962981A354}.Release|Any CPU.Build.0 = Release|Any CPU
	EndGlobalSection
	GlobalSection(SolutionProperties) = preSolution
		HideSolutionNode = FALSE
	EndGlobalSection
	GlobalSection(ExtensibilityGlobals) = postSolution
		SolutionGuid = {5C266F26-C2E0-4AFF-911D-69EAF538383E}
	EndGlobalSection
EndGlobal
