
Microsoft Visual Studio Solution File, Format Version 12.00
# Visual Studio Version 17
VisualStudioVersion = 17.2.32630.192
MinimumVisualStudioVersion = 10.0.40219.1
Project("{FAE04EC0-301F-11D3-BF4B-00C04F79EFBC}") = "进程", "进程.csproj", "{15C0C0F4-7362-4DA0-BC19-DD230F7F1777}"
EndProject
Global
	GlobalSection(SolutionConfigurationPlatforms) = preSolution
		Debug|Any CPU = Debug|Any CPU
		Release|Any CPU = Release|Any CPU
	EndGlobalSection
	GlobalSection(ProjectConfigurationPlatforms) = postSolution
		{15C0C0F4-7362-4DA0-BC19-DD230F7F1777}.Debug|Any CPU.ActiveCfg = Debug|Any CPU
		{15C0C0F4-7362-4DA0-BC19-DD230F7F1777}.Debug|Any CPU.Build.0 = Debug|Any CPU
		{15C0C0F4-7362-4DA0-BC19-DD230F7F1777}.Release|Any CPU.ActiveCfg = Release|Any CPU
		{15C0C0F4-7362-4DA0-BC19-DD230F7F1777}.Release|Any CPU.Build.0 = Release|Any CPU
	EndGlobalSection
	GlobalSection(SolutionProperties) = preSolution
		HideSolutionNode = FALSE
	EndGlobalSection
	GlobalSection(ExtensibilityGlobals) = postSolution
		SolutionGuid = {A8407B04-7AD1-4E76-A892-03F4203BDD44}
	EndGlobalSection
EndGlobal
